
Microsoft Visual Studio Solution File, Format Version 12.00
# Visual Studio Version 16
VisualStudioVersion = 16.0.29728.190
MinimumVisualStudioVersion = 10.0.40219.1
Project("{FAE04EC0-301F-11D3-BF4B-00C04F79EFBC}") = "Test", "Test\Test.csproj", "{9E06E730-17B3-4F97-96FC-380641226218}"
EndProject
Project("{FAE04EC0-301F-11D3-BF4B-00C04F79EFBC}") = "TestLibrary", "TestLibrary\TestLibrary.csproj", "{BCBC1B04-77A7-468E-B35D-56C77DC4EA06}"
EndProject
Global
	GlobalSection(SolutionConfigurationPlatforms) = preSolution
		Debug|Any CPU = Debug|Any CPU
		Release|Any CPU = Release|Any CPU
	EndGlobalSection
	GlobalSection(ProjectConfigurationPlatforms) = postSolution
		{9E06E730-17B3-4F97-96FC-380641226218}.Debug|Any CPU.ActiveCfg = Debug|Any CPU
		{9E06E730-17B3-4F97-96FC-380641226218}.Debug|Any CPU.Build.0 = Debug|Any CPU
		{9E06E730-17B3-4F97-96FC-380641226218}.Release|Any CPU.ActiveCfg = Release|Any CPU
		{9E06E730-17B3-4F97-96FC-380641226218}.Release|Any CPU.Build.0 = Release|Any CPU
		{BCBC1B04-77A7-468E-B35D-56C77DC4EA06}.Debug|Any CPU.ActiveCfg = Debug|Any CPU
		{BCBC1B04-77A7-468E-B35D-56C77DC4EA06}.Debug|Any CPU.Build.0 = Debug|Any CPU
		{BCBC1B04-77A7-468E-B35D-56C77DC4EA06}.Release|Any CPU.ActiveCfg = Release|Any CPU
		{BCBC1B04-77A7-468E-B35D-56C77DC4EA06}.Release|Any CPU.Build.0 = Release|Any CPU
	EndGlobalSection
	GlobalSection(SolutionProperties) = preSolution
		HideSolutionNode = FALSE
	EndGlobalSection
	GlobalSection(ExtensibilityGlobals) = postSolution
		SolutionGuid = {6989F93C-EC50-4B14-9445-B9F02C47B1B8}
	EndGlobalSection
EndGlobal
